
Microsoft Visual Studio Solution File, Format Version 12.00
# Visual Studio 15
VisualStudioVersion = 15.0.27428.2011
MinimumVisualStudioVersion = 10.0.40219.1
Project("{FAE04EC0-301F-11D3-BF4B-00C04F79EFBC}") = "RPSLS", "RPSLS\RPSLS.csproj", "{7BF500E1-941A-40E1-B913-9ED255EC677D}"
EndProject
Global
	GlobalSection(SolutionConfigurationPlatforms) = preSolution
		Debug|Any CPU = Debug|Any CPU
		Release|Any CPU = Release|Any CPU
	EndGlobalSection
	GlobalSection(ProjectConfigurationPlatforms) = postSolution
		{7BF500E1-941A-40E1-B913-9ED255EC677D}.Debug|Any CPU.ActiveCfg = Debug|Any CPU
		{7BF500E1-941A-40E1-B913-9ED255EC677D}.Debug|Any CPU.Build.0 = Debug|Any CPU
		{7BF500E1-941A-40E1-B913-9ED255EC677D}.Release|Any CPU.ActiveCfg = Release|Any CPU
		{7BF500E1-941A-40E1-B913-9ED255EC677D}.Release|Any CPU.Build.0 = Release|Any CPU
	EndGlobalSection
	GlobalSection(SolutionProperties) = preSolution
		HideSolutionNode = FALSE
	EndGlobalSection
	GlobalSection(ExtensibilityGlobals) = postSolution
		SolutionGuid = {052F7364-32DC-414B-8F14-60DFA8B17249}
	EndGlobalSection
EndGlobal
